
Microsoft Visual Studio Solution File, Format Version 12.00
# Visual Studio 15
VisualStudioVersion = 15.0.26430.6
MinimumVisualStudioVersion = 10.0.40219.1
Project("{FAE04EC0-301F-11D3-BF4B-00C04F79EFBC}") = "TemplateOfNetCoreWebApi", "TemplateOfNetCoreWebApi\TemplateOfNetCoreWebApi.csproj", "{B4522EEF-EE2B-41F9-8B59-75704ACF243F}"
EndProject
Project("{FAE04EC0-301F-11D3-BF4B-00C04F79EFBC}") = "DAL", "DAL\DAL.csproj", "{161AD2A8-600F-4ADA-8FBC-8FE27B4EDA38}"
EndProject
Global
	GlobalSection(SolutionConfigurationPlatforms) = preSolution
		Debug|Any CPU = Debug|Any CPU
		Release|Any CPU = Release|Any CPU
	EndGlobalSection
	GlobalSection(ProjectConfigurationPlatforms) = postSolution
		{B4522EEF-EE2B-41F9-8B59-75704ACF243F}.Debug|Any CPU.ActiveCfg = Debug|Any CPU
		{B4522EEF-EE2B-41F9-8B59-75704ACF243F}.Debug|Any CPU.Build.0 = Debug|Any CPU
		{B4522EEF-EE2B-41F9-8B59-75704ACF243F}.Release|Any CPU.ActiveCfg = Release|Any CPU
		{B4522EEF-EE2B-41F9-8B59-75704ACF243F}.Release|Any CPU.Build.0 = Release|Any CPU
		{161AD2A8-600F-4ADA-8FBC-8FE27B4EDA38}.Debug|Any CPU.ActiveCfg = Debug|Any CPU
		{161AD2A8-600F-4ADA-8FBC-8FE27B4EDA38}.Debug|Any CPU.Build.0 = Debug|Any CPU
		{161AD2A8-600F-4ADA-8FBC-8FE27B4EDA38}.Release|Any CPU.ActiveCfg = Release|Any CPU
		{161AD2A8-600F-4ADA-8FBC-8FE27B4EDA38}.Release|Any CPU.Build.0 = Release|Any CPU
	EndGlobalSection
	GlobalSection(SolutionProperties) = preSolution
		HideSolutionNode = FALSE
	EndGlobalSection
EndGlobal
